# This file is autogenerated, do not edit; changes may be undone by the next 'dep ensure'.


[[projects]]
  branch = "master"
  digest = "1:5366930ec20963c042c8d85018447db0124df168ebd61fce4384c1823c9c1590"
  name = "github.com/messagebird/go-rest-api"
  packages = [
    ".",
    "sms",
  ]
  pruneopts = "UT"
  revision = "6215e0d5bbf66e8325838ffa237a9782fe59914d"

[solve-meta]
  analyzer-name = "dep"
  analyzer-version = 1
  input-imports = [
    "github.com/messagebird/go-rest-api",
    "github.com/messagebird/go-rest-api/sms",
  ]
  solver-name = "gps-cdcl"
  solver-version = 1
